
Microsoft Visual Studio Solution File, Format Version 12.00
# Visual Studio Version 16
VisualStudioVersion = 16.0.29806.167
MinimumVisualStudioVersion = 10.0.40219.1
Project("{FAE04EC0-301F-11D3-BF4B-00C04F79EFBC}") = "LotteryBook.Program", "LotteryBook\LotteryBook.Program.csproj", "{681861A8-7DE4-4F4F-8EC6-8067C7AB411F}"
	ProjectSection(ProjectDependencies) = postProject
		{65D52CCC-B690-4159-AC47-C986ECF5B1E7} = {65D52CCC-B690-4159-AC47-C986ECF5B1E7}
	EndProjectSection
EndProject
Project("{2150E333-8FDC-42A3-9474-1A3956D46DE8}") = ".nuget", ".nuget", "{6635D1DF-F89D-4EA1-A2D7-62577FC7B4AB}"
	ProjectSection(SolutionItems) = preProject
		.nuget\NuGet.Config = .nuget\NuGet.Config
		.nuget\NuGet.exe = .nuget\NuGet.exe
		.nuget\NuGet.targets = .nuget\NuGet.targets
	EndProjectSection
EndProject
Project("{2150E333-8FDC-42A3-9474-1A3956D46DE8}") = "Solution Items", "Solution Items", "{851F093F-28D8-4543-8122-2BDDCCFECFA7}"
	ProjectSection(SolutionItems) = preProject
		Todo.txt = Todo.txt
	EndProjectSection
EndProject
Project("{2150E333-8FDC-42A3-9474-1A3956D46DE8}") = "Docs", "Docs", "{6E28D4AC-27BE-4101-BD68-FB2EB210C52B}"
	ProjectSection(SolutionItems) = preProject
		Docs\changelog.md = Docs\changelog.md
	EndProjectSection
EndProject
Project("{2150E333-8FDC-42A3-9474-1A3956D46DE8}") = "docs", "docs", "{A74323AF-C697-4CFD-A246-F551AABAC625}"
	ProjectSection(SolutionItems) = preProject
		Docs\docs\index.md = Docs\docs\index.md
	EndProjectSection
EndProject
Project("{2150E333-8FDC-42A3-9474-1A3956D46DE8}") = "images", "images", "{9FF07EF6-DE95-4C98-8C3F-6E1B7FD1FCC3}"
EndProject
Project("{FAE04EC0-301F-11D3-BF4B-00C04F79EFBC}") = "LotteryBook.Model", "LotteryBook.Core\LotteryBook.Model.csproj", "{65D52CCC-B690-4159-AC47-C986ECF5B1E7}"
	ProjectSection(ProjectDependencies) = postProject
		{87E20D27-F7FE-42BE-B94C-3D795F5E631D} = {87E20D27-F7FE-42BE-B94C-3D795F5E631D}
	EndProjectSection
EndProject
Project("{FAE04EC0-301F-11D3-BF4B-00C04F79EFBC}") = "LotteryBook.DataAccess", "LotteryBook.DataAccess\LotteryBook.DataAccess.csproj", "{87E20D27-F7FE-42BE-B94C-3D795F5E631D}"
EndProject
Project("{FAE04EC0-301F-11D3-BF4B-00C04F79EFBC}") = "LotteryBook.Model.Tests", "LotteryBook.Model.Tests\LotteryBook.Model.Tests.csproj", "{B31F8D55-F2F7-43EB-887A-C0DBAE5F238E}"
EndProject
Project("{2150E333-8FDC-42A3-9474-1A3956D46DE8}") = "Tests", "Tests", "{4BD0A8BD-BEB0-45EC-BDCE-4C8469ADFA64}"
EndProject
Global
	GlobalSection(SolutionConfigurationPlatforms) = preSolution
		Debug|Any CPU = Debug|Any CPU
		Release|Any CPU = Release|Any CPU
	EndGlobalSection
	GlobalSection(ProjectConfigurationPlatforms) = postSolution
		{681861A8-7DE4-4F4F-8EC6-8067C7AB411F}.Debug|Any CPU.ActiveCfg = Debug|Any CPU
		{681861A8-7DE4-4F4F-8EC6-8067C7AB411F}.Debug|Any CPU.Build.0 = Debug|Any CPU
		{681861A8-7DE4-4F4F-8EC6-8067C7AB411F}.Release|Any CPU.ActiveCfg = Release|Any CPU
		{681861A8-7DE4-4F4F-8EC6-8067C7AB411F}.Release|Any CPU.Build.0 = Release|Any CPU
		{65D52CCC-B690-4159-AC47-C986ECF5B1E7}.Debug|Any CPU.ActiveCfg = Debug|Any CPU
		{65D52CCC-B690-4159-AC47-C986ECF5B1E7}.Debug|Any CPU.Build.0 = Debug|Any CPU
		{65D52CCC-B690-4159-AC47-C986ECF5B1E7}.Release|Any CPU.ActiveCfg = Release|Any CPU
		{65D52CCC-B690-4159-AC47-C986ECF5B1E7}.Release|Any CPU.Build.0 = Release|Any CPU
		{87E20D27-F7FE-42BE-B94C-3D795F5E631D}.Debug|Any CPU.ActiveCfg = Debug|Any CPU
		{87E20D27-F7FE-42BE-B94C-3D795F5E631D}.Debug|Any CPU.Build.0 = Debug|Any CPU
		{87E20D27-F7FE-42BE-B94C-3D795F5E631D}.Release|Any CPU.ActiveCfg = Release|Any CPU
		{87E20D27-F7FE-42BE-B94C-3D795F5E631D}.Release|Any CPU.Build.0 = Release|Any CPU
		{B31F8D55-F2F7-43EB-887A-C0DBAE5F238E}.Debug|Any CPU.ActiveCfg = Debug|Any CPU
		{B31F8D55-F2F7-43EB-887A-C0DBAE5F238E}.Debug|Any CPU.Build.0 = Debug|Any CPU
		{B31F8D55-F2F7-43EB-887A-C0DBAE5F238E}.Release|Any CPU.ActiveCfg = Release|Any CPU
		{B31F8D55-F2F7-43EB-887A-C0DBAE5F238E}.Release|Any CPU.Build.0 = Release|Any CPU
	EndGlobalSection
	GlobalSection(SolutionProperties) = preSolution
		HideSolutionNode = FALSE
	EndGlobalSection
	GlobalSection(NestedProjects) = preSolution
		{A74323AF-C697-4CFD-A246-F551AABAC625} = {6E28D4AC-27BE-4101-BD68-FB2EB210C52B}
		{9FF07EF6-DE95-4C98-8C3F-6E1B7FD1FCC3} = {A74323AF-C697-4CFD-A246-F551AABAC625}
		{B31F8D55-F2F7-43EB-887A-C0DBAE5F238E} = {4BD0A8BD-BEB0-45EC-BDCE-4C8469ADFA64}
	EndGlobalSection
	GlobalSection(ExtensibilityGlobals) = postSolution
		SolutionGuid = {7E137F56-44C6-4D73-B406-9413AA453EEC}
	EndGlobalSection
EndGlobal
